// !$*UTF8*$!
{
	archiveVersion = 1;
	classes = {
	};
	objectVersion = 56;
	objects = {

/* Begin PBXBuildFile section */
		400F158A2A0438970045B46D /* AppDelegate.swift in Sources */ = {isa = PBXBuildFile; fileRef = 400F15892A0438970045B46D /* AppDelegate.swift */; };
		400F158C2A0438970045B46D /* SceneDelegate.swift in Sources */ = {isa = PBXBuildFile; fileRef = 400F158B2A0438970045B46D /* SceneDelegate.swift */; };
		400F158E2A0438970045B46D /* ViewController.swift in Sources */ = {isa = PBXBuildFile; fileRef = 400F158D2A0438970045B46D /* ViewController.swift */; };
		400F15912A0438970045B46D /* Main.storyboard in Resources */ = {isa = PBXBuildFile; fileRef = 400F158F2A0438970045B46D /* Main.storyboard */; };
		400F15932A0438990045B46D /* Assets.xcassets in Resources */ = {isa = PBXBuildFile; fileRef = 400F15922A0438990045B46D /* Assets.xcassets */; };
		400F15962A0438990045B46D /* LaunchScreen.storyboard in Resources */ = {isa = PBXBuildFile; fileRef = 400F15942A0438990045B46D /* LaunchScreen.storyboard */; };
		40FE16062A0C4E9E005AF7FC /* ReverseModel.swift in Sources */ = {isa = PBXBuildFile; fileRef = 40FE16052A0C4E9E005AF7FC /* ReverseModel.swift */; };
		40FE16082A0C50B4005AF7FC /* ExtantionViewController.swift in Sources */ = {isa = PBXBuildFile; fileRef = 40FE16072A0C50B4005AF7FC /* ExtantionViewController.swift */; };
/* End PBXBuildFile section */

/* Begin PBXFileReference section */
		400F15862A0438970045B46D /* Reverse words.app */ = {isa = PBXFileReference; explicitFileType = wrapper.application; includeInIndex = 0; path = "Reverse words.app"; sourceTree = BUILT_PRODUCTS_DIR; };
		400F15892A0438970045B46D /* AppDelegate.swift */ = {isa = PBXFileReference; lastKnownFileType = sourcecode.swift; path = AppDelegate.swift; sourceTree = "<group>"; };
		400F158B2A0438970045B46D /* SceneDelegate.swift */ = {isa = PBXFileReference; lastKnownFileType = sourcecode.swift; path = SceneDelegate.swift; sourceTree = "<group>"; };
		400F158D2A0438970045B46D /* ViewController.swift */ = {isa = PBXFileReference; lastKnownFileType = sourcecode.swift; path = ViewController.swift; sourceTree = "<group>"; };
		400F15902A0438970045B46D /* Base */ = {isa = PBXFileReference; lastKnownFileType = file.storyboard; name = Base; path = Base.lproj/Main.storyboard; sourceTree = "<group>"; };
		400F15922A0438990045B46D /* Assets.xcassets */ = {isa = PBXFileReference; lastKnownFileType = folder.assetcatalog; path = Assets.xcassets; sourceTree = "<group>"; };
		400F15952A0438990045B46D /* Base */ = {isa = PBXFileReference; lastKnownFileType = file.storyboard; name = Base; path = Base.lproj/LaunchScreen.storyboard; sourceTree = "<group>"; };
		400F15972A0438990045B46D /* Info.plist */ = {isa = PBXFileReference; lastKnownFileType = text.plist.xml; path = Info.plist; sourceTree = "<group>"; };
		40FE16052A0C4E9E005AF7FC /* ReverseModel.swift */ = {isa = PBXFileReference; lastKnownFileType = sourcecode.swift; path = ReverseModel.swift; sourceTree = "<group>"; };
		40FE16072A0C50B4005AF7FC /* ExtantionViewController.swift */ = {isa = PBXFileReference; lastKnownFileType = sourcecode.swift; path = ExtantionViewController.swift; sourceTree = "<group>"; };
/* End PBXFileReference section */

/* Begin PBXFrameworksBuildPhase section */
		400F15832A0438970045B46D /* Frameworks */ = {
			isa = PBXFrameworksBuildPhase;
			buildActionMask = 2147483647;
			files = (
			);
			runOnlyForDeploymentPostprocessing = 0;
		};
/* End PBXFrameworksBuildPhase section */

/* Begin PBXGroup section */
		400F157D2A0438970045B46D = {
			isa = PBXGroup;
			children = (
				400F15882A0438970045B46D /* Reverse words */,
				400F15872A0438970045B46D /* Products */,
			);
			sourceTree = "<group>";
		};
		400F15872A0438970045B46D /* Products */ = {
			isa = PBXGroup;
			children = (
				400F15862A0438970045B46D /* Reverse words.app */,
			);
			name = Products;
			sourceTree = "<group>";
		};
		400F15882A0438970045B46D /* Reverse words */ = {
			isa = PBXGroup;
			children = (
				400F15892A0438970045B46D /* AppDelegate.swift */,
				400F158B2A0438970045B46D /* SceneDelegate.swift */,
				40CF66FA2A05569A00EC4BEB /* Model */,
				40CF66FB2A0556A700EC4BEB /* View */,
				40CF66FC2A0556C000EC4BEB /* Controller */,
				400F15922A0438990045B46D /* Assets.xcassets */,
				400F15942A0438990045B46D /* LaunchScreen.storyboard */,
				400F15972A0438990045B46D /* Info.plist */,
			);
			path = "Reverse words";
			sourceTree = "<group>";
		};
		40CF66FA2A05569A00EC4BEB /* Model */ = {
			isa = PBXGroup;
			children = (
				40FE16052A0C4E9E005AF7FC /* ReverseModel.swift */,
			);
			path = Model;
			sourceTree = "<group>";
		};
		40CF66FB2A0556A700EC4BEB /* View */ = {
			isa = PBXGroup;
			children = (
				400F158F2A0438970045B46D /* Main.storyboard */,
			);
			path = View;
			sourceTree = "<group>";
		};
		40CF66FC2A0556C000EC4BEB /* Controller */ = {
			isa = PBXGroup;
			children = (
				400F158D2A0438970045B46D /* ViewController.swift */,
				40FE16072A0C50B4005AF7FC /* ExtantionViewController.swift */,
			);
			path = Controller;
			sourceTree = "<group>";
		};
/* End PBXGroup section */

/* Begin PBXNativeTarget section */
		400F15852A0438970045B46D /* Reverse words */ = {
			isa = PBXNativeTarget;
			buildConfigurationList = 400F159A2A0438990045B46D /* Build configuration list for PBXNativeTarget "Reverse words" */;
			buildPhases = (
				400F15822A0438970045B46D /* Sources */,
				400F15832A0438970045B46D /* Frameworks */,
				400F15842A0438970045B46D /* Resources */,
			);
			buildRules = (
			);
			dependencies = (
			);
			name = "Reverse words";
			productName = "Reverse words";
			productReference = 400F15862A0438970045B46D /* Reverse words.app */;
			productType = "com.apple.product-type.application";
		};
/* End PBXNativeTarget section */

/* Begin PBXProject section */
		400F157E2A0438970045B46D /* Project object */ = {
			isa = PBXProject;
			attributes = {
				BuildIndependentTargetsInParallel = 1;
				LastSwiftUpdateCheck = 1430;
				LastUpgradeCheck = 1430;
				TargetAttributes = {
					400F15852A0438970045B46D = {
						CreatedOnToolsVersion = 14.3;
					};
				};
			};
			buildConfigurationList = 400F15812A0438970045B46D /* Build configuration list for PBXProject "Reverse words" */;
			compatibilityVersion = "Xcode 14.0";
			developmentRegion = en;
			hasScannedForEncodings = 0;
			knownRegions = (
				en,
				Base,
			);
			mainGroup = 400F157D2A0438970045B46D;
			productRefGroup = 400F15872A0438970045B46D /* Products */;
			projectDirPath = "";
			projectRoot = "";
			targets = (
				400F15852A0438970045B46D /* Reverse words */,
			);
		};
/* End PBXProject section */

/* Begin PBXResourcesBuildPhase section */
		400F15842A0438970045B46D /* Resources */ = {
			isa = PBXResourcesBuildPhase;
			buildActionMask = 2147483647;
			files = (
				400F15962A0438990045B46D /* LaunchScreen.storyboard in Resources */,
				400F15932A0438990045B46D /* Assets.xcassets in Resources */,
				400F15912A0438970045B46D /* Main.storyboard in Resources */,
			);
			runOnlyForDeploymentPostprocessing = 0;
		};
/* End PBXResourcesBuildPhase section */

/* Begin PBXSourcesBuildPhase section */
		400F15822A0438970045B46D /* Sources */ = {
			isa = PBXSourcesBuildPhase;
			buildActionMask = 2147483647;
			files = (
				400F158E2A0438970045B46D /* ViewController.swift in Sources */,
				400F158A2A0438970045B46D /* AppDelegate.swift in Sources */,
				40FE16062A0C4E9E005AF7FC /* ReverseModel.swift in Sources */,
				40FE16082A0C50B4005AF7FC /* ExtantionViewController.swift in Sources */,
				400F158C2A0438970045B46D /* SceneDelegate.swift in Sources */,
			);
			runOnlyForDeploymentPostprocessing = 0;
		};
/* End PBXSourcesBuildPhase section */

/* Begin PBXVariantGroup section */
		400F158F2A0438970045B46D /* Main.storyboard */ = {
			isa = PBXVariantGroup;
			children = (
				400F15902A0438970045B46D /* Base */,
			);
			name = Main.storyboard;
			sourceTree = "<group>";
		};
		400F15942A0438990045B46D /* LaunchScreen.storyboard */ = {
			isa = PBXVariantGroup;
			children = (
				400F15952A0438990045B46D /* Base */,
			);
			name = LaunchScreen.storyboard;
			sourceTree = "<group>";
		};
/* End PBXVariantGroup section */

/* Begin XCBuildConfiguration section */
		400F15982A0438990045B46D /* Debug */ = {
			isa = XCBuildConfiguration;
			buildSettings = {
				ALWAYS_SEARCH_USER_PATHS = NO;
				CLANG_ANALYZER_NONNULL = YES;
				CLANG_ANALYZER_NUMBER_OBJECT_CONVERSION = YES_AGGRESSIVE;
				CLANG_CXX_LANGUAGE_STANDARD = "gnu++20";
				CLANG_ENABLE_MODULES = YES;
				CLANG_ENABLE_OBJC_ARC = YES;
				CLANG_ENABLE_OBJC_WEAK = YES;
				CLANG_WARN_BLOCK_CAPTURE_AUTORELEASING = YES;
				CLANG_WARN_BOOL_CONVERSION = YES;
				CLANG_WARN_COMMA = YES;
				CLANG_WARN_CONSTANT_CONVERSION = YES;
				CLANG_WARN_DEPRECATED_OBJC_IMPLEMENTATIONS = YES;
				CLANG_WARN_DIRECT_OBJC_ISA_USAGE = YES_ERROR;
				CLANG_WARN_DOCUMENTATION_COMMENTS = YES;
				CLANG_WARN_EMPTY_BODY = YES;
				CLANG_WARN_ENUM_CONVERSION = YES;
				CLANG_WARN_INFINITE_RECURSION = YES;
				CLANG_WARN_INT_CONVERSION = YES;
				CLANG_WARN_NON_LITERAL_NULL_CONVERSION = YES;
				CLANG_WARN_OBJC_IMPLICIT_RETAIN_SELF = YES;
				CLANG_WARN_OBJC_LITERAL_CONVERSION = YES;
				CLANG_WARN_OBJC_ROOT_CLASS = YES_ERROR;
				CLANG_WARN_QUOTED_INCLUDE_IN_FRAMEWORK_HEADER = YES;
				CLANG_WARN_RANGE_LOOP_ANALYSIS = YES;
				CLANG_WARN_STRICT_PROTOTYPES = YES;
				CLANG_WARN_SUSPICIOUS_MOVE = YES;
				CLANG_WARN_UNGUARDED_AVAILABILITY = YES_AGGRESSIVE;
				CLANG_WARN_UNREACHABLE_CODE = YES;
				CLANG_WARN__DUPLICATE_METHOD_MATCH = YES;
				COPY_PHASE_STRIP = NO;
				DEBUG_INFORMATION_FORMAT = dwarf;
				ENABLE_STRICT_OBJC_MSGSEND = YES;
				ENABLE_TESTABILITY = YES;
				GCC_C_LANGUAGE_STANDARD = gnu11;
				GCC_DYNAMIC_NO_PIC = NO;
				GCC_NO_COMMON_BLOCKS = YES;
				GCC_OPTIMIZATION_LEVEL = 0;
				GCC_PREPROCESSOR_DEFINITIONS = (
					"DEBUG=1",
					"$(inherited)",
				);
				GCC_WARN_64_TO_32_BIT_CONVERSION = YES;
				GCC_WARN_ABOUT_RETURN_TYPE = YES_ERROR;
				GCC_WARN_UNDECLARED_SELECTOR = YES;
				GCC_WARN_UNINITIALIZED_AUTOS = YES_AGGRESSIVE;
				GCC_WARN_UNUSED_FUNCTION = YES;
				GCC_WARN_UNUSED_VARIABLE = YES;
				IPHONEOS_DEPLOYMENT_TARGET = 16.4;
				MTL_ENABLE_DEBUG_INFO = INCLUDE_SOURCE;
				MTL_FAST_MATH = YES;
				ONLY_ACTIVE_ARCH = YES;
				SDKROOT = iphoneos;
				SWIFT_ACTIVE_COMPILATION_CONDITIONS = DEBUG;
				SWIFT_OPTIMIZATION_LEVEL = "-Onone";
			};
			name = Debug;
		};
		400F15992A0438990045B46D /* Release */ = {
			isa = XCBuildConfiguration;
			buildSettings = {
				ALWAYS_SEARCH_USER_PATHS = NO;
				CLANG_ANALYZER_NONNULL = YES;
				CLANG_ANALYZER_NUMBER_OBJECT_CONVERSION = YES_AGGRESSIVE;
				CLANG_CXX_LANGUAGE_STANDARD = "gnu++20";
				CLANG_ENABLE_MODULES = YES;
				CLANG_ENABLE_OBJC_ARC = YES;
				CLANG_ENABLE_OBJC_WEAK = YES;
				CLANG_WARN_BLOCK_CAPTURE_AUTORELEASING = YES;
				CLANG_WARN_BOOL_CONVERSION = YES;
				CLANG_WARN_COMMA = YES;
				CLANG_WARN_CONSTANT_CONVERSION = YES;
				CLANG_WARN_DEPRECATED_OBJC_IMPLEMENTATIONS = YES;
				CLANG_WARN_DIRECT_OBJC_ISA_USAGE = YES_ERROR;
				CLANG_WARN_DOCUMENTATION_COMMENTS = YES;
				CLANG_WARN_EMPTY_BODY = YES;
				CLANG_WARN_ENUM_CONVERSION = YES;
				CLANG_WARN_INFINITE_RECURSION = YES;
				CLANG_WARN_INT_CONVERSION = YES;
				CLANG_WARN_NON_LITERAL_NULL_CONVERSION = YES;
				CLANG_WARN_OBJC_IMPLICIT_RETAIN_SELF = YES;
				CLANG_WARN_OBJC_LITERAL_CONVERSION = YES;
				CLANG_WARN_OBJC_ROOT_CLASS = YES_ERROR;
				CLANG_WARN_QUOTED_INCLUDE_IN_FRAMEWORK_HEADER = YES;
				CLANG_WARN_RANGE_LOOP_ANALYSIS = YES;
				CLANG_WARN_STRICT_PROTOTYPES = YES;
				CLANG_WARN_SUSPICIOUS_MOVE = YES;
				CLANG_WARN_UNGUARDED_AVAILABILITY = YES_AGGRESSIVE;
				CLANG_WARN_UNREACHABLE_CODE = YES;
				CLANG_WARN__DUPLICATE_METHOD_MATCH = YES;
				COPY_PHASE_STRIP = NO;
				DEBUG_INFORMATION_FORMAT = "dwarf-with-dsym";
				ENABLE_NS_ASSERTIONS = NO;
				ENABLE_STRICT_OBJC_MSGSEND = YES;
				GCC_C_LANGUAGE_STANDARD = gnu11;
				GCC_NO_COMMON_BLOCKS = YES;
				GCC_WARN_64_TO_32_BIT_CONVERSION = YES;
				GCC_WARN_ABOUT_RETURN_TYPE = YES_ERROR;
				GCC_WARN_UNDECLARED_SELECTOR = YES;
				GCC_WARN_UNINITIALIZED_AUTOS = YES_AGGRESSIVE;
				GCC_WARN_UNUSED_FUNCTION = YES;
				GCC_WARN_UNUSED_VARIABLE = YES;
				IPHONEOS_DEPLOYMENT_TARGET = 16.4;
				MTL_ENABLE_DEBUG_INFO = NO;
				MTL_FAST_MATH = YES;
				SDKROOT = iphoneos;
				SWIFT_COMPILATION_MODE = wholemodule;
				SWIFT_OPTIMIZATION_LEVEL = "-O";
				VALIDATE_PRODUCT = YES;
			};
			name = Release;
		};
		400F159B2A0438990045B46D /* Debug */ = {
			isa = XCBuildConfiguration;
			buildSettings = {
				ASSETCATALOG_COMPILER_APPICON_NAME = AppIcon;
				ASSETCATALOG_COMPILER_GLOBAL_ACCENT_COLOR_NAME = AccentColor;
				CODE_SIGN_STYLE = Automatic;
				CURRENT_PROJECT_VERSION = 1;
				DEVELOPMENT_TEAM = MZQ6ZJQYAL;
				GENERATE_INFOPLIST_FILE = YES;
				INFOPLIST_FILE = "Reverse words/Info.plist";
				INFOPLIST_KEY_UIApplicationSupportsIndirectInputEvents = YES;
				INFOPLIST_KEY_UILaunchStoryboardName = LaunchScreen;
				INFOPLIST_KEY_UIMainStoryboardFile = Main;
				INFOPLIST_KEY_UISupportedInterfaceOrientations = UIInterfaceOrientationPortrait;
				LD_RUNPATH_SEARCH_PATHS = (
					"$(inherited)",
					"@executable_path/Frameworks",
				);
				MARKETING_VERSION = 1.0;
				PRODUCT_BUNDLE_IDENTIFIER = "com.shablii.Reverse-words";
				PRODUCT_NAME = "$(TARGET_NAME)";
				SWIFT_EMIT_LOC_STRINGS = YES;
				SWIFT_VERSION = 5.0;
				TARGETED_DEVICE_FAMILY = "1,2";
			};
			name = Debug;
		};
		400F159C2A0438990045B46D /* Release */ = {
			isa = XCBuildConfiguration;
			buildSettings = {
				ASSETCATALOG_COMPILER_APPICON_NAME = AppIcon;
				ASSETCATALOG_COMPILER_GLOBAL_ACCENT_COLOR_NAME = AccentColor;
				CODE_SIGN_STYLE = Automatic;
				CURRENT_PROJECT_VERSION = 1;
				DEVELOPMENT_TEAM = MZQ6ZJQYAL;
				GENERATE_INFOPLIST_FILE = YES;
				INFOPLIST_FILE = "Reverse words/Info.plist";
				INFOPLIST_KEY_UIApplicationSupportsIndirectInputEvents = YES;
				INFOPLIST_KEY_UILaunchStoryboardName = LaunchScreen;
				INFOPLIST_KEY_UIMainStoryboardFile = Main;
				INFOPLIST_KEY_UISupportedInterfaceOrientations = UIInterfaceOrientationPortrait;
				LD_RUNPATH_SEARCH_PATHS = (
					"$(inherited)",
					"@executable_path/Frameworks",
				);
				MARKETING_VERSION = 1.0;
				PRODUCT_BUNDLE_IDENTIFIER = "com.shablii.Reverse-words";
				PRODUCT_NAME = "$(TARGET_NAME)";
				SWIFT_EMIT_LOC_STRINGS = YES;
				SWIFT_VERSION = 5.0;
				TARGETED_DEVICE_FAMILY = "1,2";
			};
			name = Release;
		};
/* End XCBuildConfiguration section */

/* Begin XCConfigurationList section */
		400F15812A0438970045B46D /* Build configuration list for PBXProject "Reverse words" */ = {
			isa = XCConfigurationList;
			buildConfigurations = (
				400F15982A0438990045B46D /* Debug */,
				400F15992A0438990045B46D /* Release */,
			);
			defaultConfigurationIsVisible = 0;
			defaultConfigurationName = Release;
		};
		400F159A2A0438990045B46D /* Build configuration list for PBXNativeTarget "Reverse words" */ = {
			isa = XCConfigurationList;
			buildConfigurations = (
				400F159B2A0438990045B46D /* Debug */,
				400F159C2A0438990045B46D /* Release */,
			);
			defaultConfigurationIsVisible = 0;
			defaultConfigurationName = Release;
		};
/* End XCConfigurationList section */
	};
	rootObject = 400F157E2A0438970045B46D /* Project object */;
}
