// !$*UTF8*$!
{
	archiveVersion = 1;
	classes = {
	};
	objectVersion = 56;
	objects = {

/* Begin PBXBuildFile section */
		400F158A2A0438970045B46D /* AppDelegate.swift in Sources */ = {isa = PBXBuildFile; fileRef = 400F15892A0438970045B46D /* AppDelegate.swift */; };
		400F158C2A0438970045B46D /* SceneDelegate.swift in Sources */ = {isa = PBXBuildFile; fileRef = 400F158B2A0438970045B46D /* SceneDelegate.swift */; };
		400F158E2A0438970045B46D /* ReverseViewController.swift in Sources */ = {isa = PBXBuildFile; fileRef = 400F158D2A0438970045B46D /* ReverseViewController.swift */; };
		400F15912A0438970045B46D /* Main.storyboard in Resources */ = {isa = PBXBuildFile; fileRef = 400F158F2A0438970045B46D /* Main.storyboard */; };
		400F15932A0438990045B46D /* Assets.xcassets in Resources */ = {isa = PBXBuildFile; fileRef = 400F15922A0438990045B46D /* Assets.xcassets */; };
		400F15962A0438990045B46D /* LaunchScreen.storyboard in Resources */ = {isa = PBXBuildFile; fileRef = 400F15942A0438990045B46D /* LaunchScreen.storyboard */; };
		40250AB42A17784E005781DD /* AnagramsViewController.swift in Sources */ = {isa = PBXBuildFile; fileRef = 40250AB32A17784E005781DD /* AnagramsViewController.swift */; };
		40250AB62A17B70E005781DD /* AnagramsModel.swift in Sources */ = {isa = PBXBuildFile; fileRef = 40250AB52A17B70E005781DD /* AnagramsModel.swift */; };
		4045F0322A1291D500A5070B /* Reverse_wordsTests.swift in Sources */ = {isa = PBXBuildFile; fileRef = 4045F0312A1291D500A5070B /* Reverse_wordsTests.swift */; };
		408B8B762A13A5EC008EDB4E /* ReverseWordsUITests.swift in Sources */ = {isa = PBXBuildFile; fileRef = 408B8B752A13A5EC008EDB4E /* ReverseWordsUITests.swift */; };
		408B8B782A13A5EC008EDB4E /* ReverseWordsUITestsLaunchTests.swift in Sources */ = {isa = PBXBuildFile; fileRef = 408B8B772A13A5EC008EDB4E /* ReverseWordsUITestsLaunchTests.swift */; };
		40FE16062A0C4E9E005AF7FC /* ReverseModel.swift in Sources */ = {isa = PBXBuildFile; fileRef = 40FE16052A0C4E9E005AF7FC /* ReverseModel.swift */; };
/* End PBXBuildFile section */

/* Begin PBXContainerItemProxy section */
		4045F0332A1291D500A5070B /* PBXContainerItemProxy */ = {
			isa = PBXContainerItemProxy;
			containerPortal = 400F157E2A0438970045B46D /* Project object */;
			proxyType = 1;
			remoteGlobalIDString = 400F15852A0438970045B46D;
			remoteInfo = "Reverse words";
		};
		408B8B6A2A139D9A008EDB4E /* PBXContainerItemProxy */ = {
			isa = PBXContainerItemProxy;
			containerPortal = 400F157E2A0438970045B46D /* Project object */;
			proxyType = 1;
			remoteGlobalIDString = 400F15852A0438970045B46D;
			remoteInfo = "Reverse words";
		};
		408B8B792A13A5EC008EDB4E /* PBXContainerItemProxy */ = {
			isa = PBXContainerItemProxy;
			containerPortal = 400F157E2A0438970045B46D /* Project object */;
			proxyType = 1;
			remoteGlobalIDString = 400F15852A0438970045B46D;
			remoteInfo = "Reverse words";
		};
/* End PBXContainerItemProxy section */

/* Begin PBXFileReference section */
		400F15862A0438970045B46D /* Reverse words.app */ = {isa = PBXFileReference; explicitFileType = wrapper.application; includeInIndex = 0; path = "Reverse words.app"; sourceTree = BUILT_PRODUCTS_DIR; };
		400F15892A0438970045B46D /* AppDelegate.swift */ = {isa = PBXFileReference; lastKnownFileType = sourcecode.swift; path = AppDelegate.swift; sourceTree = "<group>"; };
		400F158B2A0438970045B46D /* SceneDelegate.swift */ = {isa = PBXFileReference; lastKnownFileType = sourcecode.swift; path = SceneDelegate.swift; sourceTree = "<group>"; };
		400F158D2A0438970045B46D /* ReverseViewController.swift */ = {isa = PBXFileReference; lastKnownFileType = sourcecode.swift; path = ReverseViewController.swift; sourceTree = "<group>"; };
		400F15902A0438970045B46D /* Base */ = {isa = PBXFileReference; lastKnownFileType = file.storyboard; name = Base; path = Base.lproj/Main.storyboard; sourceTree = "<group>"; };
		400F15922A0438990045B46D /* Assets.xcassets */ = {isa = PBXFileReference; lastKnownFileType = folder.assetcatalog; path = Assets.xcassets; sourceTree = "<group>"; };
		400F15952A0438990045B46D /* Base */ = {isa = PBXFileReference; lastKnownFileType = file.storyboard; name = Base; path = Base.lproj/LaunchScreen.storyboard; sourceTree = "<group>"; };
		400F15972A0438990045B46D /* Info.plist */ = {isa = PBXFileReference; lastKnownFileType = text.plist.xml; path = Info.plist; sourceTree = "<group>"; };
		40250AB32A17784E005781DD /* AnagramsViewController.swift */ = {isa = PBXFileReference; lastKnownFileType = sourcecode.swift; path = AnagramsViewController.swift; sourceTree = "<group>"; };
		40250AB52A17B70E005781DD /* AnagramsModel.swift */ = {isa = PBXFileReference; lastKnownFileType = sourcecode.swift; path = AnagramsModel.swift; sourceTree = "<group>"; };
		4045F02F2A1291D500A5070B /* Reverse wordsTests.xctest */ = {isa = PBXFileReference; explicitFileType = wrapper.cfbundle; includeInIndex = 0; path = "Reverse wordsTests.xctest"; sourceTree = BUILT_PRODUCTS_DIR; };
		4045F0312A1291D500A5070B /* Reverse_wordsTests.swift */ = {isa = PBXFileReference; lastKnownFileType = sourcecode.swift; path = Reverse_wordsTests.swift; sourceTree = "<group>"; };
		408B8B612A135151008EDB4E /* Reverse words.xctestplan */ = {isa = PBXFileReference; lastKnownFileType = text; path = "Reverse words.xctestplan"; sourceTree = "<group>"; };
		408B8B662A139D9A008EDB4E /* ReverseModelTestsUI.xctest */ = {isa = PBXFileReference; explicitFileType = wrapper.cfbundle; includeInIndex = 0; path = ReverseModelTestsUI.xctest; sourceTree = BUILT_PRODUCTS_DIR; };
		408B8B732A13A5EC008EDB4E /* ReverseWordsUITests.xctest */ = {isa = PBXFileReference; explicitFileType = wrapper.cfbundle; includeInIndex = 0; path = ReverseWordsUITests.xctest; sourceTree = BUILT_PRODUCTS_DIR; };
		408B8B752A13A5EC008EDB4E /* ReverseWordsUITests.swift */ = {isa = PBXFileReference; lastKnownFileType = sourcecode.swift; path = ReverseWordsUITests.swift; sourceTree = "<group>"; };
		408B8B772A13A5EC008EDB4E /* ReverseWordsUITestsLaunchTests.swift */ = {isa = PBXFileReference; lastKnownFileType = sourcecode.swift; path = ReverseWordsUITestsLaunchTests.swift; sourceTree = "<group>"; };
		40FE16052A0C4E9E005AF7FC /* ReverseModel.swift */ = {isa = PBXFileReference; lastKnownFileType = sourcecode.swift; path = ReverseModel.swift; sourceTree = "<group>"; };
/* End PBXFileReference section */

/* Begin PBXFrameworksBuildPhase section */
		400F15832A0438970045B46D /* Frameworks */ = {
			isa = PBXFrameworksBuildPhase;
			buildActionMask = 2147483647;
			files = (
			);
			runOnlyForDeploymentPostprocessing = 0;
		};
		4045F02C2A1291D500A5070B /* Frameworks */ = {
			isa = PBXFrameworksBuildPhase;
			buildActionMask = 2147483647;
			files = (
			);
			runOnlyForDeploymentPostprocessing = 0;
		};
		408B8B632A139D9A008EDB4E /* Frameworks */ = {
			isa = PBXFrameworksBuildPhase;
			buildActionMask = 2147483647;
			files = (
			);
			runOnlyForDeploymentPostprocessing = 0;
		};
		408B8B702A13A5EC008EDB4E /* Frameworks */ = {
			isa = PBXFrameworksBuildPhase;
			buildActionMask = 2147483647;
			files = (
			);
			runOnlyForDeploymentPostprocessing = 0;
		};
/* End PBXFrameworksBuildPhase section */

/* Begin PBXGroup section */
		400F157D2A0438970045B46D = {
			isa = PBXGroup;
			children = (
				408B8B612A135151008EDB4E /* Reverse words.xctestplan */,
				400F15882A0438970045B46D /* Reverse words */,
				4045F0302A1291D500A5070B /* Reverse wordsTests */,
				408B8B742A13A5EC008EDB4E /* ReverseWordsUITests */,
				400F15872A0438970045B46D /* Products */,
			);
			sourceTree = "<group>";
		};
		400F15872A0438970045B46D /* Products */ = {
			isa = PBXGroup;
			children = (
				400F15862A0438970045B46D /* Reverse words.app */,
				4045F02F2A1291D500A5070B /* Reverse wordsTests.xctest */,
				408B8B662A139D9A008EDB4E /* ReverseModelTestsUI.xctest */,
				408B8B732A13A5EC008EDB4E /* ReverseWordsUITests.xctest */,
			);
			name = Products;
			sourceTree = "<group>";
		};
		400F15882A0438970045B46D /* Reverse words */ = {
			isa = PBXGroup;
			children = (
				400F15892A0438970045B46D /* AppDelegate.swift */,
				400F158B2A0438970045B46D /* SceneDelegate.swift */,
				40CF66FA2A05569A00EC4BEB /* Model */,
				40CF66FB2A0556A700EC4BEB /* View */,
				40CF66FC2A0556C000EC4BEB /* Controller */,
				400F15922A0438990045B46D /* Assets.xcassets */,
				400F15942A0438990045B46D /* LaunchScreen.storyboard */,
				400F15972A0438990045B46D /* Info.plist */,
			);
			path = "Reverse words";
			sourceTree = "<group>";
		};
		4045F0302A1291D500A5070B /* Reverse wordsTests */ = {
			isa = PBXGroup;
			children = (
				4045F0312A1291D500A5070B /* Reverse_wordsTests.swift */,
			);
			path = "Reverse wordsTests";
			sourceTree = "<group>";
		};
		408B8B742A13A5EC008EDB4E /* ReverseWordsUITests */ = {
			isa = PBXGroup;
			children = (
				408B8B752A13A5EC008EDB4E /* ReverseWordsUITests.swift */,
				408B8B772A13A5EC008EDB4E /* ReverseWordsUITestsLaunchTests.swift */,
			);
			path = ReverseWordsUITests;
			sourceTree = "<group>";
		};
		40CF66FA2A05569A00EC4BEB /* Model */ = {
			isa = PBXGroup;
			children = (
				40FE16052A0C4E9E005AF7FC /* ReverseModel.swift */,
				40250AB52A17B70E005781DD /* AnagramsModel.swift */,
			);
			path = Model;
			sourceTree = "<group>";
		};
		40CF66FB2A0556A700EC4BEB /* View */ = {
			isa = PBXGroup;
			children = (
				400F158F2A0438970045B46D /* Main.storyboard */,
			);
			path = View;
			sourceTree = "<group>";
		};
		40CF66FC2A0556C000EC4BEB /* Controller */ = {
			isa = PBXGroup;
			children = (
				400F158D2A0438970045B46D /* ReverseViewController.swift */,
				40250AB32A17784E005781DD /* AnagramsViewController.swift */,
			);
			path = Controller;
			sourceTree = "<group>";
		};
/* End PBXGroup section */

/* Begin PBXNativeTarget section */
		400F15852A0438970045B46D /* Reverse words */ = {
			isa = PBXNativeTarget;
			buildConfigurationList = 400F159A2A0438990045B46D /* Build configuration list for PBXNativeTarget "Reverse words" */;
			buildPhases = (
				400F15822A0438970045B46D /* Sources */,
				400F15832A0438970045B46D /* Frameworks */,
				400F15842A0438970045B46D /* Resources */,
			);
			buildRules = (
			);
			dependencies = (
			);
			name = "Reverse words";
			productName = "Reverse words";
			productReference = 400F15862A0438970045B46D /* Reverse words.app */;
			productType = "com.apple.product-type.application";
		};
		4045F02E2A1291D500A5070B /* Reverse wordsTests */ = {
			isa = PBXNativeTarget;
			buildConfigurationList = 4045F0372A1291D500A5070B /* Build configuration list for PBXNativeTarget "Reverse wordsTests" */;
			buildPhases = (
				4045F02B2A1291D500A5070B /* Sources */,
				4045F02C2A1291D500A5070B /* Frameworks */,
				4045F02D2A1291D500A5070B /* Resources */,
			);
			buildRules = (
			);
			dependencies = (
				4045F0342A1291D500A5070B /* PBXTargetDependency */,
			);
			name = "Reverse wordsTests";
			productName = "Reverse wordsTests";
			productReference = 4045F02F2A1291D500A5070B /* Reverse wordsTests.xctest */;
			productType = "com.apple.product-type.bundle.unit-test";
		};
		408B8B652A139D9A008EDB4E /* ReverseModelTestsUI */ = {
			isa = PBXNativeTarget;
			buildConfigurationList = 408B8B6E2A139D9A008EDB4E /* Build configuration list for PBXNativeTarget "ReverseModelTestsUI" */;
			buildPhases = (
				408B8B622A139D9A008EDB4E /* Sources */,
				408B8B632A139D9A008EDB4E /* Frameworks */,
				408B8B642A139D9A008EDB4E /* Resources */,
			);
			buildRules = (
			);
			dependencies = (
				408B8B6B2A139D9A008EDB4E /* PBXTargetDependency */,
			);
			name = ReverseModelTestsUI;
			productName = ReverseModelTestsUI;
			productReference = 408B8B662A139D9A008EDB4E /* ReverseModelTestsUI.xctest */;
			productType = "com.apple.product-type.bundle.unit-test";
		};
		408B8B722A13A5EC008EDB4E /* ReverseWordsUITests */ = {
			isa = PBXNativeTarget;
			buildConfigurationList = 408B8B7B2A13A5EC008EDB4E /* Build configuration list for PBXNativeTarget "ReverseWordsUITests" */;
			buildPhases = (
				408B8B6F2A13A5EC008EDB4E /* Sources */,
				408B8B702A13A5EC008EDB4E /* Frameworks */,
				408B8B712A13A5EC008EDB4E /* Resources */,
			);
			buildRules = (
			);
			dependencies = (
				408B8B7A2A13A5EC008EDB4E /* PBXTargetDependency */,
			);
			name = ReverseWordsUITests;
			productName = ReverseWordsUITests;
			productReference = 408B8B732A13A5EC008EDB4E /* ReverseWordsUITests.xctest */;
			productType = "com.apple.product-type.bundle.ui-testing";
		};
/* End PBXNativeTarget section */

/* Begin PBXProject section */
		400F157E2A0438970045B46D /* Project object */ = {
			isa = PBXProject;
			attributes = {
				BuildIndependentTargetsInParallel = 1;
				LastSwiftUpdateCheck = 1430;
				LastUpgradeCheck = 1430;
				TargetAttributes = {
					400F15852A0438970045B46D = {
						CreatedOnToolsVersion = 14.3;
					};
					4045F02E2A1291D500A5070B = {
						CreatedOnToolsVersion = 14.3;
						TestTargetID = 400F15852A0438970045B46D;
					};
					408B8B652A139D9A008EDB4E = {
						CreatedOnToolsVersion = 14.3;
						TestTargetID = 400F15852A0438970045B46D;
					};
					408B8B722A13A5EC008EDB4E = {
						CreatedOnToolsVersion = 14.3;
						TestTargetID = 400F15852A0438970045B46D;
					};
				};
			};
			buildConfigurationList = 400F15812A0438970045B46D /* Build configuration list for PBXProject "Reverse words" */;
			compatibilityVersion = "Xcode 14.0";
			developmentRegion = en;
			hasScannedForEncodings = 0;
			knownRegions = (
				en,
				Base,
			);
			mainGroup = 400F157D2A0438970045B46D;
			productRefGroup = 400F15872A0438970045B46D /* Products */;
			projectDirPath = "";
			projectRoot = "";
			targets = (
				400F15852A0438970045B46D /* Reverse words */,
				4045F02E2A1291D500A5070B /* Reverse wordsTests */,
				408B8B652A139D9A008EDB4E /* ReverseModelTestsUI */,
				408B8B722A13A5EC008EDB4E /* ReverseWordsUITests */,
			);
		};
/* End PBXProject section */

/* Begin PBXResourcesBuildPhase section */
		400F15842A0438970045B46D /* Resources */ = {
			isa = PBXResourcesBuildPhase;
			buildActionMask = 2147483647;
			files = (
				400F15962A0438990045B46D /* LaunchScreen.storyboard in Resources */,
				400F15932A0438990045B46D /* Assets.xcassets in Resources */,
				400F15912A0438970045B46D /* Main.storyboard in Resources */,
			);
			runOnlyForDeploymentPostprocessing = 0;
		};
		4045F02D2A1291D500A5070B /* Resources */ = {
			isa = PBXResourcesBuildPhase;
			buildActionMask = 2147483647;
			files = (
			);
			runOnlyForDeploymentPostprocessing = 0;
		};
		408B8B642A139D9A008EDB4E /* Resources */ = {
			isa = PBXResourcesBuildPhase;
			buildActionMask = 2147483647;
			files = (
			);
			runOnlyForDeploymentPostprocessing = 0;
		};
		408B8B712A13A5EC008EDB4E /* Resources */ = {
			isa = PBXResourcesBuildPhase;
			buildActionMask = 2147483647;
			files = (
			);
			runOnlyForDeploymentPostprocessing = 0;
		};
/* End PBXResourcesBuildPhase section */

/* Begin PBXSourcesBuildPhase section */
		400F15822A0438970045B46D /* Sources */ = {
			isa = PBXSourcesBuildPhase;
			buildActionMask = 2147483647;
			files = (
				400F158E2A0438970045B46D /* ReverseViewController.swift in Sources */,
				400F158A2A0438970045B46D /* AppDelegate.swift in Sources */,
				40FE16062A0C4E9E005AF7FC /* ReverseModel.swift in Sources */,
				40250AB62A17B70E005781DD /* AnagramsModel.swift in Sources */,
				40250AB42A17784E005781DD /* AnagramsViewController.swift in Sources */,
				400F158C2A0438970045B46D /* SceneDelegate.swift in Sources */,
			);
			runOnlyForDeploymentPostprocessing = 0;
		};
		4045F02B2A1291D500A5070B /* Sources */ = {
			isa = PBXSourcesBuildPhase;
			buildActionMask = 2147483647;
			files = (
				4045F0322A1291D500A5070B /* Reverse_wordsTests.swift in Sources */,
			);
			runOnlyForDeploymentPostprocessing = 0;
		};
		408B8B622A139D9A008EDB4E /* Sources */ = {
			isa = PBXSourcesBuildPhase;
			buildActionMask = 2147483647;
			files = (
			);
			runOnlyForDeploymentPostprocessing = 0;
		};
		408B8B6F2A13A5EC008EDB4E /* Sources */ = {
			isa = PBXSourcesBuildPhase;
			buildActionMask = 2147483647;
			files = (
				408B8B762A13A5EC008EDB4E /* ReverseWordsUITests.swift in Sources */,
				408B8B782A13A5EC008EDB4E /* ReverseWordsUITestsLaunchTests.swift in Sources */,
			);
			runOnlyForDeploymentPostprocessing = 0;
		};
/* End PBXSourcesBuildPhase section */

/* Begin PBXTargetDependency section */
		4045F0342A1291D500A5070B /* PBXTargetDependency */ = {
			isa = PBXTargetDependency;
			target = 400F15852A0438970045B46D /* Reverse words */;
			targetProxy = 4045F0332A1291D500A5070B /* PBXContainerItemProxy */;
		};
		408B8B6B2A139D9A008EDB4E /* PBXTargetDependency */ = {
			isa = PBXTargetDependency;
			target = 400F15852A0438970045B46D /* Reverse words */;
			targetProxy = 408B8B6A2A139D9A008EDB4E /* PBXContainerItemProxy */;
		};
		408B8B7A2A13A5EC008EDB4E /* PBXTargetDependency */ = {
			isa = PBXTargetDependency;
			target = 400F15852A0438970045B46D /* Reverse words */;
			targetProxy = 408B8B792A13A5EC008EDB4E /* PBXContainerItemProxy */;
		};
/* End PBXTargetDependency section */

/* Begin PBXVariantGroup section */
		400F158F2A0438970045B46D /* Main.storyboard */ = {
			isa = PBXVariantGroup;
			children = (
				400F15902A0438970045B46D /* Base */,
			);
			name = Main.storyboard;
			sourceTree = "<group>";
		};
		400F15942A0438990045B46D /* LaunchScreen.storyboard */ = {
			isa = PBXVariantGroup;
			children = (
				400F15952A0438990045B46D /* Base */,
			);
			name = LaunchScreen.storyboard;
			sourceTree = "<group>";
		};
/* End PBXVariantGroup section */

/* Begin XCBuildConfiguration section */
		400F15982A0438990045B46D /* Debug */ = {
			isa = XCBuildConfiguration;
			buildSettings = {
				ALWAYS_SEARCH_USER_PATHS = NO;
				CLANG_ANALYZER_NONNULL = YES;
				CLANG_ANALYZER_NUMBER_OBJECT_CONVERSION = YES_AGGRESSIVE;
				CLANG_CXX_LANGUAGE_STANDARD = "gnu++20";
				CLANG_ENABLE_MODULES = YES;
				CLANG_ENABLE_OBJC_ARC = YES;
				CLANG_ENABLE_OBJC_WEAK = YES;
				CLANG_WARN_BLOCK_CAPTURE_AUTORELEASING = YES;
				CLANG_WARN_BOOL_CONVERSION = YES;
				CLANG_WARN_COMMA = YES;
				CLANG_WARN_CONSTANT_CONVERSION = YES;
				CLANG_WARN_DEPRECATED_OBJC_IMPLEMENTATIONS = YES;
				CLANG_WARN_DIRECT_OBJC_ISA_USAGE = YES_ERROR;
				CLANG_WARN_DOCUMENTATION_COMMENTS = YES;
				CLANG_WARN_EMPTY_BODY = YES;
				CLANG_WARN_ENUM_CONVERSION = YES;
				CLANG_WARN_INFINITE_RECURSION = YES;
				CLANG_WARN_INT_CONVERSION = YES;
				CLANG_WARN_NON_LITERAL_NULL_CONVERSION = YES;
				CLANG_WARN_OBJC_IMPLICIT_RETAIN_SELF = YES;
				CLANG_WARN_OBJC_LITERAL_CONVERSION = YES;
				CLANG_WARN_OBJC_ROOT_CLASS = YES_ERROR;
				CLANG_WARN_QUOTED_INCLUDE_IN_FRAMEWORK_HEADER = YES;
				CLANG_WARN_RANGE_LOOP_ANALYSIS = YES;
				CLANG_WARN_STRICT_PROTOTYPES = YES;
				CLANG_WARN_SUSPICIOUS_MOVE = YES;
				CLANG_WARN_UNGUARDED_AVAILABILITY = YES_AGGRESSIVE;
				CLANG_WARN_UNREACHABLE_CODE = YES;
				CLANG_WARN__DUPLICATE_METHOD_MATCH = YES;
				COPY_PHASE_STRIP = NO;
				DEBUG_INFORMATION_FORMAT = dwarf;
				ENABLE_STRICT_OBJC_MSGSEND = YES;
				ENABLE_TESTABILITY = YES;
				GCC_C_LANGUAGE_STANDARD = gnu11;
				GCC_DYNAMIC_NO_PIC = NO;
				GCC_NO_COMMON_BLOCKS = YES;
				GCC_OPTIMIZATION_LEVEL = 0;
				GCC_PREPROCESSOR_DEFINITIONS = (
					"DEBUG=1",
					"$(inherited)",
				);
				GCC_WARN_64_TO_32_BIT_CONVERSION = YES;
				GCC_WARN_ABOUT_RETURN_TYPE = YES_ERROR;
				GCC_WARN_UNDECLARED_SELECTOR = YES;
				GCC_WARN_UNINITIALIZED_AUTOS = YES_AGGRESSIVE;
				GCC_WARN_UNUSED_FUNCTION = YES;
				GCC_WARN_UNUSED_VARIABLE = YES;
				IPHONEOS_DEPLOYMENT_TARGET = 16.4;
				MTL_ENABLE_DEBUG_INFO = INCLUDE_SOURCE;
				MTL_FAST_MATH = YES;
				ONLY_ACTIVE_ARCH = YES;
				SDKROOT = iphoneos;
				SWIFT_ACTIVE_COMPILATION_CONDITIONS = DEBUG;
				SWIFT_OPTIMIZATION_LEVEL = "-Onone";
			};
			name = Debug;
		};
		400F15992A0438990045B46D /* Release */ = {
			isa = XCBuildConfiguration;
			buildSettings = {
				ALWAYS_SEARCH_USER_PATHS = NO;
				CLANG_ANALYZER_NONNULL = YES;
				CLANG_ANALYZER_NUMBER_OBJECT_CONVERSION = YES_AGGRESSIVE;
				CLANG_CXX_LANGUAGE_STANDARD = "gnu++20";
				CLANG_ENABLE_MODULES = YES;
				CLANG_ENABLE_OBJC_ARC = YES;
				CLANG_ENABLE_OBJC_WEAK = YES;
				CLANG_WARN_BLOCK_CAPTURE_AUTORELEASING = YES;
				CLANG_WARN_BOOL_CONVERSION = YES;
				CLANG_WARN_COMMA = YES;
				CLANG_WARN_CONSTANT_CONVERSION = YES;
				CLANG_WARN_DEPRECATED_OBJC_IMPLEMENTATIONS = YES;
				CLANG_WARN_DIRECT_OBJC_ISA_USAGE = YES_ERROR;
				CLANG_WARN_DOCUMENTATION_COMMENTS = YES;
				CLANG_WARN_EMPTY_BODY = YES;
				CLANG_WARN_ENUM_CONVERSION = YES;
				CLANG_WARN_INFINITE_RECURSION = YES;
				CLANG_WARN_INT_CONVERSION = YES;
				CLANG_WARN_NON_LITERAL_NULL_CONVERSION = YES;
				CLANG_WARN_OBJC_IMPLICIT_RETAIN_SELF = YES;
				CLANG_WARN_OBJC_LITERAL_CONVERSION = YES;
				CLANG_WARN_OBJC_ROOT_CLASS = YES_ERROR;
				CLANG_WARN_QUOTED_INCLUDE_IN_FRAMEWORK_HEADER = YES;
				CLANG_WARN_RANGE_LOOP_ANALYSIS = YES;
				CLANG_WARN_STRICT_PROTOTYPES = YES;
				CLANG_WARN_SUSPICIOUS_MOVE = YES;
				CLANG_WARN_UNGUARDED_AVAILABILITY = YES_AGGRESSIVE;
				CLANG_WARN_UNREACHABLE_CODE = YES;
				CLANG_WARN__DUPLICATE_METHOD_MATCH = YES;
				COPY_PHASE_STRIP = NO;
				DEBUG_INFORMATION_FORMAT = "dwarf-with-dsym";
				ENABLE_NS_ASSERTIONS = NO;
				ENABLE_STRICT_OBJC_MSGSEND = YES;
				GCC_C_LANGUAGE_STANDARD = gnu11;
				GCC_NO_COMMON_BLOCKS = YES;
				GCC_WARN_64_TO_32_BIT_CONVERSION = YES;
				GCC_WARN_ABOUT_RETURN_TYPE = YES_ERROR;
				GCC_WARN_UNDECLARED_SELECTOR = YES;
				GCC_WARN_UNINITIALIZED_AUTOS = YES_AGGRESSIVE;
				GCC_WARN_UNUSED_FUNCTION = YES;
				GCC_WARN_UNUSED_VARIABLE = YES;
				IPHONEOS_DEPLOYMENT_TARGET = 16.4;
				MTL_ENABLE_DEBUG_INFO = NO;
				MTL_FAST_MATH = YES;
				SDKROOT = iphoneos;
				SWIFT_COMPILATION_MODE = wholemodule;
				SWIFT_OPTIMIZATION_LEVEL = "-O";
				VALIDATE_PRODUCT = YES;
			};
			name = Release;
		};
		400F159B2A0438990045B46D /* Debug */ = {
			isa = XCBuildConfiguration;
			buildSettings = {
				ASSETCATALOG_COMPILER_APPICON_NAME = AppIcon;
				ASSETCATALOG_COMPILER_GLOBAL_ACCENT_COLOR_NAME = AccentColor;
				CODE_SIGN_STYLE = Automatic;
				CURRENT_PROJECT_VERSION = 1;
				DEVELOPMENT_TEAM = MZQ6ZJQYAL;
				GENERATE_INFOPLIST_FILE = YES;
				INFOPLIST_FILE = "Reverse words/Info.plist";
				INFOPLIST_KEY_UIApplicationSupportsIndirectInputEvents = YES;
				INFOPLIST_KEY_UILaunchStoryboardName = LaunchScreen;
				INFOPLIST_KEY_UIMainStoryboardFile = Main;
				INFOPLIST_KEY_UISupportedInterfaceOrientations = UIInterfaceOrientationPortrait;
				LD_RUNPATH_SEARCH_PATHS = (
					"$(inherited)",
					"@executable_path/Frameworks",
				);
				MARKETING_VERSION = 1.0;
				PRODUCT_BUNDLE_IDENTIFIER = "com.shablii.Reverse-words";
				PRODUCT_NAME = "$(TARGET_NAME)";
				SWIFT_EMIT_LOC_STRINGS = YES;
				SWIFT_VERSION = 5.0;
				TARGETED_DEVICE_FAMILY = "1,2";
			};
			name = Debug;
		};
		400F159C2A0438990045B46D /* Release */ = {
			isa = XCBuildConfiguration;
			buildSettings = {
				ASSETCATALOG_COMPILER_APPICON_NAME = AppIcon;
				ASSETCATALOG_COMPILER_GLOBAL_ACCENT_COLOR_NAME = AccentColor;
				CODE_SIGN_STYLE = Automatic;
				CURRENT_PROJECT_VERSION = 1;
				DEVELOPMENT_TEAM = MZQ6ZJQYAL;
				GENERATE_INFOPLIST_FILE = YES;
				INFOPLIST_FILE = "Reverse words/Info.plist";
				INFOPLIST_KEY_UIApplicationSupportsIndirectInputEvents = YES;
				INFOPLIST_KEY_UILaunchStoryboardName = LaunchScreen;
				INFOPLIST_KEY_UIMainStoryboardFile = Main;
				INFOPLIST_KEY_UISupportedInterfaceOrientations = UIInterfaceOrientationPortrait;
				LD_RUNPATH_SEARCH_PATHS = (
					"$(inherited)",
					"@executable_path/Frameworks",
				);
				MARKETING_VERSION = 1.0;
				PRODUCT_BUNDLE_IDENTIFIER = "com.shablii.Reverse-words";
				PRODUCT_NAME = "$(TARGET_NAME)";
				SWIFT_EMIT_LOC_STRINGS = YES;
				SWIFT_VERSION = 5.0;
				TARGETED_DEVICE_FAMILY = "1,2";
			};
			name = Release;
		};
		4045F0352A1291D500A5070B /* Debug */ = {
			isa = XCBuildConfiguration;
			buildSettings = {
				BUNDLE_LOADER = "$(TEST_HOST)";
				CODE_SIGN_STYLE = Automatic;
				CURRENT_PROJECT_VERSION = 1;
				DEVELOPMENT_TEAM = MZQ6ZJQYAL;
				GENERATE_INFOPLIST_FILE = YES;
				MARKETING_VERSION = 1.0;
				PRODUCT_BUNDLE_IDENTIFIER = "com.shablii.Reverse-wordsTests";
				PRODUCT_NAME = "$(TARGET_NAME)";
				SWIFT_EMIT_LOC_STRINGS = NO;
				SWIFT_VERSION = 5.0;
				TARGETED_DEVICE_FAMILY = "1,2";
				TEST_HOST = "$(BUILT_PRODUCTS_DIR)/Reverse words.app/$(BUNDLE_EXECUTABLE_FOLDER_PATH)/Reverse words";
			};
			name = Debug;
		};
		4045F0362A1291D500A5070B /* Release */ = {
			isa = XCBuildConfiguration;
			buildSettings = {
				BUNDLE_LOADER = "$(TEST_HOST)";
				CODE_SIGN_STYLE = Automatic;
				CURRENT_PROJECT_VERSION = 1;
				DEVELOPMENT_TEAM = MZQ6ZJQYAL;
				GENERATE_INFOPLIST_FILE = YES;
				MARKETING_VERSION = 1.0;
				PRODUCT_BUNDLE_IDENTIFIER = "com.shablii.Reverse-wordsTests";
				PRODUCT_NAME = "$(TARGET_NAME)";
				SWIFT_EMIT_LOC_STRINGS = NO;
				SWIFT_VERSION = 5.0;
				TARGETED_DEVICE_FAMILY = "1,2";
				TEST_HOST = "$(BUILT_PRODUCTS_DIR)/Reverse words.app/$(BUNDLE_EXECUTABLE_FOLDER_PATH)/Reverse words";
			};
			name = Release;
		};
		408B8B6C2A139D9A008EDB4E /* Debug */ = {
			isa = XCBuildConfiguration;
			buildSettings = {
				BUNDLE_LOADER = "$(TEST_HOST)";
				CODE_SIGN_STYLE = Automatic;
				CURRENT_PROJECT_VERSION = 1;
				DEVELOPMENT_TEAM = MZQ6ZJQYAL;
				GENERATE_INFOPLIST_FILE = YES;
				MARKETING_VERSION = 1.0;
				PRODUCT_BUNDLE_IDENTIFIER = com.shablii.ReverseModelTestsUI;
				PRODUCT_NAME = "$(TARGET_NAME)";
				SWIFT_EMIT_LOC_STRINGS = NO;
				SWIFT_VERSION = 5.0;
				TARGETED_DEVICE_FAMILY = "1,2";
				TEST_HOST = "$(BUILT_PRODUCTS_DIR)/Reverse words.app/$(BUNDLE_EXECUTABLE_FOLDER_PATH)/Reverse words";
			};
			name = Debug;
		};
		408B8B6D2A139D9A008EDB4E /* Release */ = {
			isa = XCBuildConfiguration;
			buildSettings = {
				BUNDLE_LOADER = "$(TEST_HOST)";
				CODE_SIGN_STYLE = Automatic;
				CURRENT_PROJECT_VERSION = 1;
				DEVELOPMENT_TEAM = MZQ6ZJQYAL;
				GENERATE_INFOPLIST_FILE = YES;
				MARKETING_VERSION = 1.0;
				PRODUCT_BUNDLE_IDENTIFIER = com.shablii.ReverseModelTestsUI;
				PRODUCT_NAME = "$(TARGET_NAME)";
				SWIFT_EMIT_LOC_STRINGS = NO;
				SWIFT_VERSION = 5.0;
				TARGETED_DEVICE_FAMILY = "1,2";
				TEST_HOST = "$(BUILT_PRODUCTS_DIR)/Reverse words.app/$(BUNDLE_EXECUTABLE_FOLDER_PATH)/Reverse words";
			};
			name = Release;
		};
		408B8B7C2A13A5EC008EDB4E /* Debug */ = {
			isa = XCBuildConfiguration;
			buildSettings = {
				CODE_SIGN_STYLE = Automatic;
				CURRENT_PROJECT_VERSION = 1;
				DEVELOPMENT_TEAM = MZQ6ZJQYAL;
				GENERATE_INFOPLIST_FILE = YES;
				MARKETING_VERSION = 1.0;
				PRODUCT_BUNDLE_IDENTIFIER = com.shablii.ReverseWordsUITests;
				PRODUCT_NAME = "$(TARGET_NAME)";
				SWIFT_EMIT_LOC_STRINGS = NO;
				SWIFT_VERSION = 5.0;
				TARGETED_DEVICE_FAMILY = "1,2";
				TEST_TARGET_NAME = "Reverse words";
			};
			name = Debug;
		};
		408B8B7D2A13A5EC008EDB4E /* Release */ = {
			isa = XCBuildConfiguration;
			buildSettings = {
				CODE_SIGN_STYLE = Automatic;
				CURRENT_PROJECT_VERSION = 1;
				DEVELOPMENT_TEAM = MZQ6ZJQYAL;
				GENERATE_INFOPLIST_FILE = YES;
				MARKETING_VERSION = 1.0;
				PRODUCT_BUNDLE_IDENTIFIER = com.shablii.ReverseWordsUITests;
				PRODUCT_NAME = "$(TARGET_NAME)";
				SWIFT_EMIT_LOC_STRINGS = NO;
				SWIFT_VERSION = 5.0;
				TARGETED_DEVICE_FAMILY = "1,2";
				TEST_TARGET_NAME = "Reverse words";
			};
			name = Release;
		};
/* End XCBuildConfiguration section */

/* Begin XCConfigurationList section */
		400F15812A0438970045B46D /* Build configuration list for PBXProject "Reverse words" */ = {
			isa = XCConfigurationList;
			buildConfigurations = (
				400F15982A0438990045B46D /* Debug */,
				400F15992A0438990045B46D /* Release */,
			);
			defaultConfigurationIsVisible = 0;
			defaultConfigurationName = Release;
		};
		400F159A2A0438990045B46D /* Build configuration list for PBXNativeTarget "Reverse words" */ = {
			isa = XCConfigurationList;
			buildConfigurations = (
				400F159B2A0438990045B46D /* Debug */,
				400F159C2A0438990045B46D /* Release */,
			);
			defaultConfigurationIsVisible = 0;
			defaultConfigurationName = Release;
		};
		4045F0372A1291D500A5070B /* Build configuration list for PBXNativeTarget "Reverse wordsTests" */ = {
			isa = XCConfigurationList;
			buildConfigurations = (
				4045F0352A1291D500A5070B /* Debug */,
				4045F0362A1291D500A5070B /* Release */,
			);
			defaultConfigurationIsVisible = 0;
			defaultConfigurationName = Release;
		};
		408B8B6E2A139D9A008EDB4E /* Build configuration list for PBXNativeTarget "ReverseModelTestsUI" */ = {
			isa = XCConfigurationList;
			buildConfigurations = (
				408B8B6C2A139D9A008EDB4E /* Debug */,
				408B8B6D2A139D9A008EDB4E /* Release */,
			);
			defaultConfigurationIsVisible = 0;
			defaultConfigurationName = Release;
		};
		408B8B7B2A13A5EC008EDB4E /* Build configuration list for PBXNativeTarget "ReverseWordsUITests" */ = {
			isa = XCConfigurationList;
			buildConfigurations = (
				408B8B7C2A13A5EC008EDB4E /* Debug */,
				408B8B7D2A13A5EC008EDB4E /* Release */,
			);
			defaultConfigurationIsVisible = 0;
			defaultConfigurationName = Release;
		};
/* End XCConfigurationList section */
	};
	rootObject = 400F157E2A0438970045B46D /* Project object */;
}
